
Microsoft Visual Studio Solution File, Format Version 12.00
# Visual Studio Version 16
VisualStudioVersion = 16.0.30330.147
MinimumVisualStudioVersion = 10.0.40219.1
Project("{FAE04EC0-301F-11D3-BF4B-00C04F79EFBC}") = "ConsoleUI", "ConsoleUI\ConsoleUI.csproj", "{5C72A3AD-93B2-4628-9810-52AE27EFFA6A}"
EndProject
Project("{FAE04EC0-301F-11D3-BF4B-00C04F79EFBC}") = "CommerceLibrary", "CommerceLibrary\CommerceLibrary.csproj", "{8AF1FF31-38DB-4194-B251-993605322E33}"
EndProject
Global
	GlobalSection(SolutionConfigurationPlatforms) = preSolution
		Debug|Any CPU = Debug|Any CPU
		Release|Any CPU = Release|Any CPU
	EndGlobalSection
	GlobalSection(ProjectConfigurationPlatforms) = postSolution
		{5C72A3AD-93B2-4628-9810-52AE27EFFA6A}.Debug|Any CPU.ActiveCfg = Debug|Any CPU
		{5C72A3AD-93B2-4628-9810-52AE27EFFA6A}.Debug|Any CPU.Build.0 = Debug|Any CPU
		{5C72A3AD-93B2-4628-9810-52AE27EFFA6A}.Release|Any CPU.ActiveCfg = Release|Any CPU
		{5C72A3AD-93B2-4628-9810-52AE27EFFA6A}.Release|Any CPU.Build.0 = Release|Any CPU
		{8AF1FF31-38DB-4194-B251-993605322E33}.Debug|Any CPU.ActiveCfg = Debug|Any CPU
		{8AF1FF31-38DB-4194-B251-993605322E33}.Debug|Any CPU.Build.0 = Debug|Any CPU
		{8AF1FF31-38DB-4194-B251-993605322E33}.Release|Any CPU.ActiveCfg = Release|Any CPU
		{8AF1FF31-38DB-4194-B251-993605322E33}.Release|Any CPU.Build.0 = Release|Any CPU
	EndGlobalSection
	GlobalSection(SolutionProperties) = preSolution
		HideSolutionNode = FALSE
	EndGlobalSection
	GlobalSection(ExtensibilityGlobals) = postSolution
		SolutionGuid = {FA7FEA4D-0A42-4677-A25A-FEC11268A9C0}
	EndGlobalSection
EndGlobal
